// !$*UTF8*$!
{
	archiveVersion = 1;
	classes = {
	};
	objectVersion = 77;
	objects = {

/* Begin PBXBuildFile section */
		0568AC652E8CC86700548D9F /* WidgetKit.framework in Frameworks */ = {isa = PBXBuildFile; fileRef = 0568AC642E8CC86700548D9F /* WidgetKit.framework */; };
		0568AC672E8CC86700548D9F /* SwiftUI.framework in Frameworks */ = {isa = PBXBuildFile; fileRef = 0568AC662E8CC86700548D9F /* SwiftUI.framework */; };
		0568AC742E8CC86900548D9F /* LottoResultsWidgetExtension.appex in Embed Foundation Extensions */ = {isa = PBXBuildFile; fileRef = 0568AC622E8CC86700548D9F /* LottoResultsWidgetExtension.appex */; settings = {ATTRIBUTES = (RemoveHeadersOnCopy, ); }; };
/* End PBXBuildFile section */

/* Begin PBXContainerItemProxy section */
		0568AC722E8CC86900548D9F /* PBXContainerItemProxy */ = {
			isa = PBXContainerItemProxy;
			containerPortal = 0590EC6F2E8A9B500043A76A /* Project object */;
			proxyType = 1;
			remoteGlobalIDString = 0568AC612E8CC86700548D9F;
			remoteInfo = LottoResultsWidgetExtension;
		};
		0590EC872E8A9B520043A76A /* PBXContainerItemProxy */ = {
			isa = PBXContainerItemProxy;
			containerPortal = 0590EC6F2E8A9B500043A76A /* Project object */;
			proxyType = 1;
			remoteGlobalIDString = 0590EC762E8A9B500043A76A;
			remoteInfo = LottoResultsDemoApp;
		};
		0590EC912E8A9B520043A76A /* PBXContainerItemProxy */ = {
			isa = PBXContainerItemProxy;
			containerPortal = 0590EC6F2E8A9B500043A76A /* Project object */;
			proxyType = 1;
			remoteGlobalIDString = 0590EC762E8A9B500043A76A;
			remoteInfo = LottoResultsDemoApp;
		};
/* End PBXContainerItemProxy section */

/* Begin PBXCopyFilesBuildPhase section */
		0568AC792E8CC86900548D9F /* Embed Foundation Extensions */ = {
			isa = PBXCopyFilesBuildPhase;
			buildActionMask = 2147483647;
			dstPath = "";
			dstSubfolderSpec = 13;
			files = (
				0568AC742E8CC86900548D9F /* LottoResultsWidgetExtension.appex in Embed Foundation Extensions */,
			);
			name = "Embed Foundation Extensions";
			runOnlyForDeploymentPostprocessing = 0;
		};
/* End PBXCopyFilesBuildPhase section */

/* Begin PBXFileReference section */
		0568AC622E8CC86700548D9F /* LottoResultsWidgetExtension.appex */ = {isa = PBXFileReference; explicitFileType = "wrapper.app-extension"; includeInIndex = 0; path = LottoResultsWidgetExtension.appex; sourceTree = BUILT_PRODUCTS_DIR; };
		0568AC642E8CC86700548D9F /* WidgetKit.framework */ = {isa = PBXFileReference; lastKnownFileType = wrapper.framework; name = WidgetKit.framework; path = System/Library/Frameworks/WidgetKit.framework; sourceTree = SDKROOT; };
		0568AC662E8CC86700548D9F /* SwiftUI.framework */ = {isa = PBXFileReference; lastKnownFileType = wrapper.framework; name = SwiftUI.framework; path = System/Library/Frameworks/SwiftUI.framework; sourceTree = SDKROOT; };
		0568AC7B2E8CC88600548D9F /* LottoResultsWidgetExtension.entitlements */ = {isa = PBXFileReference; lastKnownFileType = text.plist.entitlements; path = LottoResultsWidgetExtension.entitlements; sourceTree = "<group>"; };
		0590EC772E8A9B500043A76A /* LottoResultsDemoApp.app */ = {isa = PBXFileReference; explicitFileType = wrapper.application; includeInIndex = 0; path = LottoResultsDemoApp.app; sourceTree = BUILT_PRODUCTS_DIR; };
		0590EC862E8A9B520043A76A /* LottoResultsDemoAppTests.xctest */ = {isa = PBXFileReference; explicitFileType = wrapper.cfbundle; includeInIndex = 0; path = LottoResultsDemoAppTests.xctest; sourceTree = BUILT_PRODUCTS_DIR; };
		0590EC902E8A9B520043A76A /* LottoResultsDemoAppUITests.xctest */ = {isa = PBXFileReference; explicitFileType = wrapper.cfbundle; includeInIndex = 0; path = LottoResultsDemoAppUITests.xctest; sourceTree = BUILT_PRODUCTS_DIR; };
/* End PBXFileReference section */

/* Begin PBXFileSystemSynchronizedBuildFileExceptionSet section */
		0568AC752E8CC86900548D9F /* Exceptions for "LottoResultsWidget" folder in "LottoResultsWidgetExtension" target */ = {
			isa = PBXFileSystemSynchronizedBuildFileExceptionSet;
			membershipExceptions = (
				Info.plist,
			);
			target = 0568AC612E8CC86700548D9F /* LottoResultsWidgetExtension */;
		};
/* End PBXFileSystemSynchronizedBuildFileExceptionSet section */

/* Begin PBXFileSystemSynchronizedRootGroup section */
		0568AC682E8CC86800548D9F /* LottoResultsWidget */ = {
			isa = PBXFileSystemSynchronizedRootGroup;
			exceptions = (
				0568AC752E8CC86900548D9F /* Exceptions for "LottoResultsWidget" folder in "LottoResultsWidgetExtension" target */,
			);
			path = LottoResultsWidget;
			sourceTree = "<group>";
		};
		0590EC792E8A9B500043A76A /* LottoResultsDemoApp */ = {
			isa = PBXFileSystemSynchronizedRootGroup;
			path = LottoResultsDemoApp;
			sourceTree = "<group>";
		};
		0590EC892E8A9B520043A76A /* LottoResultsDemoAppTests */ = {
			isa = PBXFileSystemSynchronizedRootGroup;
			path = LottoResultsDemoAppTests;
			sourceTree = "<group>";
		};
		0590EC932E8A9B520043A76A /* LottoResultsDemoAppUITests */ = {
			isa = PBXFileSystemSynchronizedRootGroup;
			path = LottoResultsDemoAppUITests;
			sourceTree = "<group>";
		};
/* End PBXFileSystemSynchronizedRootGroup section */

/* Begin PBXFrameworksBuildPhase section */
		0568AC5F2E8CC86700548D9F /* Frameworks */ = {
			isa = PBXFrameworksBuildPhase;
			buildActionMask = 2147483647;
			files = (
				0568AC672E8CC86700548D9F /* SwiftUI.framework in Frameworks */,
				0568AC652E8CC86700548D9F /* WidgetKit.framework in Frameworks */,
			);
			runOnlyForDeploymentPostprocessing = 0;
		};
		0590EC742E8A9B500043A76A /* Frameworks */ = {
			isa = PBXFrameworksBuildPhase;
			buildActionMask = 2147483647;
			files = (
			);
			runOnlyForDeploymentPostprocessing = 0;
		};
		0590EC832E8A9B520043A76A /* Frameworks */ = {
			isa = PBXFrameworksBuildPhase;
			buildActionMask = 2147483647;
			files = (
			);
			runOnlyForDeploymentPostprocessing = 0;
		};
		0590EC8D2E8A9B520043A76A /* Frameworks */ = {
			isa = PBXFrameworksBuildPhase;
			buildActionMask = 2147483647;
			files = (
			);
			runOnlyForDeploymentPostprocessing = 0;
		};
/* End PBXFrameworksBuildPhase section */

/* Begin PBXGroup section */
		0568AC632E8CC86700548D9F /* Frameworks */ = {
			isa = PBXGroup;
			children = (
				0568AC642E8CC86700548D9F /* WidgetKit.framework */,
				0568AC662E8CC86700548D9F /* SwiftUI.framework */,
			);
			name = Frameworks;
			sourceTree = "<group>";
		};
		0590EC6E2E8A9B500043A76A = {
			isa = PBXGroup;
			children = (
				0568AC7B2E8CC88600548D9F /* LottoResultsWidgetExtension.entitlements */,
				0590EC792E8A9B500043A76A /* LottoResultsDemoApp */,
				0590EC892E8A9B520043A76A /* LottoResultsDemoAppTests */,
				0590EC932E8A9B520043A76A /* LottoResultsDemoAppUITests */,
				0568AC682E8CC86800548D9F /* LottoResultsWidget */,
				0568AC632E8CC86700548D9F /* Frameworks */,
				0590EC782E8A9B500043A76A /* Products */,
			);
			sourceTree = "<group>";
		};
		0590EC782E8A9B500043A76A /* Products */ = {
			isa = PBXGroup;
			children = (
				0590EC772E8A9B500043A76A /* LottoResultsDemoApp.app */,
				0590EC862E8A9B520043A76A /* LottoResultsDemoAppTests.xctest */,
				0590EC902E8A9B520043A76A /* LottoResultsDemoAppUITests.xctest */,
				0568AC622E8CC86700548D9F /* LottoResultsWidgetExtension.appex */,
			);
			name = Products;
			sourceTree = "<group>";
		};
/* End PBXGroup section */

/* Begin PBXNativeTarget section */
		0568AC612E8CC86700548D9F /* LottoResultsWidgetExtension */ = {
			isa = PBXNativeTarget;
			buildConfigurationList = 0568AC762E8CC86900548D9F /* Build configuration list for PBXNativeTarget "LottoResultsWidgetExtension" */;
			buildPhases = (
				0568AC5E2E8CC86700548D9F /* Sources */,
				0568AC5F2E8CC86700548D9F /* Frameworks */,
				0568AC602E8CC86700548D9F /* Resources */,
			);
			buildRules = (
			);
			dependencies = (
			);
			fileSystemSynchronizedGroups = (
				0568AC682E8CC86800548D9F /* LottoResultsWidget */,
			);
			name = LottoResultsWidgetExtension;
			packageProductDependencies = (
			);
			productName = LottoResultsWidgetExtension;
			productReference = 0568AC622E8CC86700548D9F /* LottoResultsWidgetExtension.appex */;
			productType = "com.apple.product-type.app-extension";
		};
		0590EC762E8A9B500043A76A /* LottoResultsDemoApp */ = {
			isa = PBXNativeTarget;
			buildConfigurationList = 0590EC9A2E8A9B520043A76A /* Build configuration list for PBXNativeTarget "LottoResultsDemoApp" */;
			buildPhases = (
				0590EC732E8A9B500043A76A /* Sources */,
				0590EC742E8A9B500043A76A /* Frameworks */,
				0590EC752E8A9B500043A76A /* Resources */,
				0568AC792E8CC86900548D9F /* Embed Foundation Extensions */,
			);
			buildRules = (
			);
			dependencies = (
				0568AC732E8CC86900548D9F /* PBXTargetDependency */,
			);
			fileSystemSynchronizedGroups = (
				0590EC792E8A9B500043A76A /* LottoResultsDemoApp */,
			);
			name = LottoResultsDemoApp;
			packageProductDependencies = (
			);
			productName = LottoResultsDemoApp;
			productReference = 0590EC772E8A9B500043A76A /* LottoResultsDemoApp.app */;
			productType = "com.apple.product-type.application";
		};
		0590EC852E8A9B520043A76A /* LottoResultsDemoAppTests */ = {
			isa = PBXNativeTarget;
			buildConfigurationList = 0590EC9D2E8A9B520043A76A /* Build configuration list for PBXNativeTarget "LottoResultsDemoAppTests" */;
			buildPhases = (
				0590EC822E8A9B520043A76A /* Sources */,
				0590EC832E8A9B520043A76A /* Frameworks */,
				0590EC842E8A9B520043A76A /* Resources */,
			);
			buildRules = (
			);
			dependencies = (
				0590EC882E8A9B520043A76A /* PBXTargetDependency */,
			);
			fileSystemSynchronizedGroups = (
				0590EC892E8A9B520043A76A /* LottoResultsDemoAppTests */,
			);
			name = LottoResultsDemoAppTests;
			packageProductDependencies = (
			);
			productName = LottoResultsDemoAppTests;
			productReference = 0590EC862E8A9B520043A76A /* LottoResultsDemoAppTests.xctest */;
			productType = "com.apple.product-type.bundle.unit-test";
		};
		0590EC8F2E8A9B520043A76A /* LottoResultsDemoAppUITests */ = {
			isa = PBXNativeTarget;
			buildConfigurationList = 0590ECA02E8A9B520043A76A /* Build configuration list for PBXNativeTarget "LottoResultsDemoAppUITests" */;
			buildPhases = (
				0590EC8C2E8A9B520043A76A /* Sources */,
				0590EC8D2E8A9B520043A76A /* Frameworks */,
				0590EC8E2E8A9B520043A76A /* Resources */,
			);
			buildRules = (
			);
			dependencies = (
				0590EC922E8A9B520043A76A /* PBXTargetDependency */,
			);
			fileSystemSynchronizedGroups = (
				0590EC932E8A9B520043A76A /* LottoResultsDemoAppUITests */,
			);
			name = LottoResultsDemoAppUITests;
			packageProductDependencies = (
			);
			productName = LottoResultsDemoAppUITests;
			productReference = 0590EC902E8A9B520043A76A /* LottoResultsDemoAppUITests.xctest */;
			productType = "com.apple.product-type.bundle.ui-testing";
		};
/* End PBXNativeTarget section */

/* Begin PBXProject section */
		0590EC6F2E8A9B500043A76A /* Project object */ = {
			isa = PBXProject;
			attributes = {
				BuildIndependentTargetsInParallel = 1;
				LastSwiftUpdateCheck = 2600;
				LastUpgradeCheck = 2600;
				TargetAttributes = {
					0568AC612E8CC86700548D9F = {
						CreatedOnToolsVersion = 26.0.1;
					};
					0590EC762E8A9B500043A76A = {
						CreatedOnToolsVersion = 26.0.1;
					};
					0590EC852E8A9B520043A76A = {
						CreatedOnToolsVersion = 26.0.1;
						TestTargetID = 0590EC762E8A9B500043A76A;
					};
					0590EC8F2E8A9B520043A76A = {
						CreatedOnToolsVersion = 26.0.1;
						TestTargetID = 0590EC762E8A9B500043A76A;
					};
				};
			};
			buildConfigurationList = 0590EC722E8A9B500043A76A /* Build configuration list for PBXProject "LottoResultsDemoApp" */;
			developmentRegion = en;
			hasScannedForEncodings = 0;
			knownRegions = (
				en,
				Base,
			);
			mainGroup = 0590EC6E2E8A9B500043A76A;
			minimizedProjectReferenceProxies = 1;
			preferredProjectObjectVersion = 77;
			productRefGroup = 0590EC782E8A9B500043A76A /* Products */;
			projectDirPath = "";
			projectRoot = "";
			targets = (
				0590EC762E8A9B500043A76A /* LottoResultsDemoApp */,
				0590EC852E8A9B520043A76A /* LottoResultsDemoAppTests */,
				0590EC8F2E8A9B520043A76A /* LottoResultsDemoAppUITests */,
				0568AC612E8CC86700548D9F /* LottoResultsWidgetExtension */,
			);
		};
/* End PBXProject section */

/* Begin PBXResourcesBuildPhase section */
		0568AC602E8CC86700548D9F /* Resources */ = {
			isa = PBXResourcesBuildPhase;
			buildActionMask = 2147483647;
			files = (
			);
			runOnlyForDeploymentPostprocessing = 0;
		};
		0590EC752E8A9B500043A76A /* Resources */ = {
			isa = PBXResourcesBuildPhase;
			buildActionMask = 2147483647;
			files = (
			);
			runOnlyForDeploymentPostprocessing = 0;
		};
		0590EC842E8A9B520043A76A /* Resources */ = {
			isa = PBXResourcesBuildPhase;
			buildActionMask = 2147483647;
			files = (
			);
			runOnlyForDeploymentPostprocessing = 0;
		};
		0590EC8E2E8A9B520043A76A /* Resources */ = {
			isa = PBXResourcesBuildPhase;
			buildActionMask = 2147483647;
			files = (
			);
			runOnlyForDeploymentPostprocessing = 0;
		};
/* End PBXResourcesBuildPhase section */

/* Begin PBXSourcesBuildPhase section */
		0568AC5E2E8CC86700548D9F /* Sources */ = {
			isa = PBXSourcesBuildPhase;
			buildActionMask = 2147483647;
			files = (
			);
			runOnlyForDeploymentPostprocessing = 0;
		};
		0590EC732E8A9B500043A76A /* Sources */ = {
			isa = PBXSourcesBuildPhase;
			buildActionMask = 2147483647;
			files = (
			);
			runOnlyForDeploymentPostprocessing = 0;
		};
		0590EC822E8A9B520043A76A /* Sources */ = {
			isa = PBXSourcesBuildPhase;
			buildActionMask = 2147483647;
			files = (
			);
			runOnlyForDeploymentPostprocessing = 0;
		};
		0590EC8C2E8A9B520043A76A /* Sources */ = {
			isa = PBXSourcesBuildPhase;
			buildActionMask = 2147483647;
			files = (
			);
			runOnlyForDeploymentPostprocessing = 0;
		};
/* End PBXSourcesBuildPhase section */

/* Begin PBXTargetDependency section */
		0568AC732E8CC86900548D9F /* PBXTargetDependency */ = {
			isa = PBXTargetDependency;
			target = 0568AC612E8CC86700548D9F /* LottoResultsWidgetExtension */;
			targetProxy = 0568AC722E8CC86900548D9F /* PBXContainerItemProxy */;
		};
		0590EC882E8A9B520043A76A /* PBXTargetDependency */ = {
			isa = PBXTargetDependency;
			target = 0590EC762E8A9B500043A76A /* LottoResultsDemoApp */;
			targetProxy = 0590EC872E8A9B520043A76A /* PBXContainerItemProxy */;
		};
		0590EC922E8A9B520043A76A /* PBXTargetDependency */ = {
			isa = PBXTargetDependency;
			target = 0590EC762E8A9B500043A76A /* LottoResultsDemoApp */;
			targetProxy = 0590EC912E8A9B520043A76A /* PBXContainerItemProxy */;
		};
/* End PBXTargetDependency section */

/* Begin XCBuildConfiguration section */
		0568AC772E8CC86900548D9F /* Debug */ = {
			isa = XCBuildConfiguration;
			buildSettings = {
				ASSETCATALOG_COMPILER_GLOBAL_ACCENT_COLOR_NAME = AccentColor;
				ASSETCATALOG_COMPILER_WIDGET_BACKGROUND_COLOR_NAME = WidgetBackground;
				CODE_SIGN_ENTITLEMENTS = LottoResultsWidgetExtension.entitlements;
				CODE_SIGN_STYLE = Automatic;
				CURRENT_PROJECT_VERSION = 1;
				DEVELOPMENT_TEAM = 5AM38HDB97;
				GENERATE_INFOPLIST_FILE = YES;
				INFOPLIST_FILE = LottoResultsWidget/Info.plist;
				INFOPLIST_KEY_CFBundleDisplayName = LottoResultsWidget;
				INFOPLIST_KEY_NSHumanReadableCopyright = "";
				LD_RUNPATH_SEARCH_PATHS = (
					"$(inherited)",
					"@executable_path/Frameworks",
					"@executable_path/../../Frameworks",
				);
				MARKETING_VERSION = 1.0;
				PRODUCT_BUNDLE_IDENTIFIER = com.vijayesha.LottoResultsDemoApp.LottoResultsWidget;
				PRODUCT_NAME = "$(TARGET_NAME)";
				SKIP_INSTALL = YES;
				STRING_CATALOG_GENERATE_SYMBOLS = YES;
				SWIFT_APPROACHABLE_CONCURRENCY = YES;
				SWIFT_EMIT_LOC_STRINGS = YES;
				SWIFT_UPCOMING_FEATURE_MEMBER_IMPORT_VISIBILITY = YES;
				SWIFT_VERSION = 5.0;
				TARGETED_DEVICE_FAMILY = "1,2";
			};
			name = Debug;
		};
		0568AC782E8CC86900548D9F /* Release */ = {
			isa = XCBuildConfiguration;
			buildSettings = {
				ASSETCATALOG_COMPILER_GLOBAL_ACCENT_COLOR_NAME = AccentColor;
				ASSETCATALOG_COMPILER_WIDGET_BACKGROUND_COLOR_NAME = WidgetBackground;
				CODE_SIGN_ENTITLEMENTS = LottoResultsWidgetExtension.entitlements;
				CODE_SIGN_STYLE = Automatic;
				CURRENT_PROJECT_VERSION = 1;
				DEVELOPMENT_TEAM = 5AM38HDB97;
				GENERATE_INFOPLIST_FILE = YES;
				INFOPLIST_FILE = LottoResultsWidget/Info.plist;
				INFOPLIST_KEY_CFBundleDisplayName = LottoResultsWidget;
				INFOPLIST_KEY_NSHumanReadableCopyright = "";
				LD_RUNPATH_SEARCH_PATHS = (
					"$(inherited)",
					"@executable_path/Frameworks",
					"@executable_path/../../Frameworks",
				);
				MARKETING_VERSION = 1.0;
				PRODUCT_BUNDLE_IDENTIFIER = com.vijayesha.LottoResultsDemoApp.LottoResultsWidget;
				PRODUCT_NAME = "$(TARGET_NAME)";
				SKIP_INSTALL = YES;
				STRING_CATALOG_GENERATE_SYMBOLS = YES;
				SWIFT_APPROACHABLE_CONCURRENCY = YES;
				SWIFT_EMIT_LOC_STRINGS = YES;
				SWIFT_UPCOMING_FEATURE_MEMBER_IMPORT_VISIBILITY = YES;
				SWIFT_VERSION = 5.0;
				TARGETED_DEVICE_FAMILY = "1,2";
			};
			name = Release;
		};
		0590EC982E8A9B520043A76A /* Debug */ = {
			isa = XCBuildConfiguration;
			buildSettings = {
				ALWAYS_SEARCH_USER_PATHS = NO;
				ASSETCATALOG_COMPILER_GENERATE_SWIFT_ASSET_SYMBOL_EXTENSIONS = YES;
				CLANG_ANALYZER_NONNULL = YES;
				CLANG_ANALYZER_NUMBER_OBJECT_CONVERSION = YES_AGGRESSIVE;
				CLANG_CXX_LANGUAGE_STANDARD = "gnu++20";
				CLANG_ENABLE_MODULES = YES;
				CLANG_ENABLE_OBJC_ARC = YES;
				CLANG_ENABLE_OBJC_WEAK = YES;
				CLANG_WARN_BLOCK_CAPTURE_AUTORELEASING = YES;
				CLANG_WARN_BOOL_CONVERSION = YES;
				CLANG_WARN_COMMA = YES;
				CLANG_WARN_CONSTANT_CONVERSION = YES;
				CLANG_WARN_DEPRECATED_OBJC_IMPLEMENTATIONS = YES;
				CLANG_WARN_DIRECT_OBJC_ISA_USAGE = YES_ERROR;
				CLANG_WARN_DOCUMENTATION_COMMENTS = YES;
				CLANG_WARN_EMPTY_BODY = YES;
				CLANG_WARN_ENUM_CONVERSION = YES;
				CLANG_WARN_INFINITE_RECURSION = YES;
				CLANG_WARN_INT_CONVERSION = YES;
				CLANG_WARN_NON_LITERAL_NULL_CONVERSION = YES;
				CLANG_WARN_OBJC_IMPLICIT_RETAIN_SELF = YES;
				CLANG_WARN_OBJC_LITERAL_CONVERSION = YES;
				CLANG_WARN_OBJC_ROOT_CLASS = YES_ERROR;
				CLANG_WARN_QUOTED_INCLUDE_IN_FRAMEWORK_HEADER = YES;
				CLANG_WARN_RANGE_LOOP_ANALYSIS = YES;
				CLANG_WARN_STRICT_PROTOTYPES = YES;
				CLANG_WARN_SUSPICIOUS_MOVE = YES;
				CLANG_WARN_UNGUARDED_AVAILABILITY = YES_AGGRESSIVE;
				CLANG_WARN_UNREACHABLE_CODE = YES;
				CLANG_WARN__DUPLICATE_METHOD_MATCH = YES;
				COPY_PHASE_STRIP = NO;
				DEBUG_INFORMATION_FORMAT = dwarf;
				DEVELOPMENT_TEAM = 5AM38HDB97;
				ENABLE_STRICT_OBJC_MSGSEND = YES;
				ENABLE_TESTABILITY = YES;
				ENABLE_USER_SCRIPT_SANDBOXING = YES;
				GCC_C_LANGUAGE_STANDARD = gnu17;
				GCC_DYNAMIC_NO_PIC = NO;
				GCC_NO_COMMON_BLOCKS = YES;
				GCC_OPTIMIZATION_LEVEL = 0;
				GCC_PREPROCESSOR_DEFINITIONS = (
					"DEBUG=1",
					"$(inherited)",
				);
				GCC_WARN_64_TO_32_BIT_CONVERSION = YES;
				GCC_WARN_ABOUT_RETURN_TYPE = YES_ERROR;
				GCC_WARN_UNDECLARED_SELECTOR = YES;
				GCC_WARN_UNINITIALIZED_AUTOS = YES_AGGRESSIVE;
				GCC_WARN_UNUSED_FUNCTION = YES;
				GCC_WARN_UNUSED_VARIABLE = YES;
				IPHONEOS_DEPLOYMENT_TARGET = 26.0;
				LOCALIZATION_PREFERS_STRING_CATALOGS = YES;
				MTL_ENABLE_DEBUG_INFO = INCLUDE_SOURCE;
				MTL_FAST_MATH = YES;
				ONLY_ACTIVE_ARCH = YES;
				SDKROOT = iphoneos;
				SWIFT_ACTIVE_COMPILATION_CONDITIONS = "DEBUG $(inherited)";
				SWIFT_OPTIMIZATION_LEVEL = "-Onone";
			};
			name = Debug;
		};
		0590EC992E8A9B520043A76A /* Release */ = {
			isa = XCBuildConfiguration;
			buildSettings = {
				ALWAYS_SEARCH_USER_PATHS = NO;
				ASSETCATALOG_COMPILER_GENERATE_SWIFT_ASSET_SYMBOL_EXTENSIONS = YES;
				CLANG_ANALYZER_NONNULL = YES;
				CLANG_ANALYZER_NUMBER_OBJECT_CONVERSION = YES_AGGRESSIVE;
				CLANG_CXX_LANGUAGE_STANDARD = "gnu++20";
				CLANG_ENABLE_MODULES = YES;
				CLANG_ENABLE_OBJC_ARC = YES;
				CLANG_ENABLE_OBJC_WEAK = YES;
				CLANG_WARN_BLOCK_CAPTURE_AUTORELEASING = YES;
				CLANG_WARN_BOOL_CONVERSION = YES;
				CLANG_WARN_COMMA = YES;
				CLANG_WARN_CONSTANT_CONVERSION = YES;
				CLANG_WARN_DEPRECATED_OBJC_IMPLEMENTATIONS = YES;
				CLANG_WARN_DIRECT_OBJC_ISA_USAGE = YES_ERROR;
				CLANG_WARN_DOCUMENTATION_COMMENTS = YES;
				CLANG_WARN_EMPTY_BODY = YES;
				CLANG_WARN_ENUM_CONVERSION = YES;
				CLANG_WARN_INFINITE_RECURSION = YES;
				CLANG_WARN_INT_CONVERSION = YES;
				CLANG_WARN_NON_LITERAL_NULL_CONVERSION = YES;
				CLANG_WARN_OBJC_IMPLICIT_RETAIN_SELF = YES;
				CLANG_WARN_OBJC_LITERAL_CONVERSION = YES;
				CLANG_WARN_OBJC_ROOT_CLASS = YES_ERROR;
				CLANG_WARN_QUOTED_INCLUDE_IN_FRAMEWORK_HEADER = YES;
				CLANG_WARN_RANGE_LOOP_ANALYSIS = YES;
				CLANG_WARN_STRICT_PROTOTYPES = YES;
				CLANG_WARN_SUSPICIOUS_MOVE = YES;
				CLANG_WARN_UNGUARDED_AVAILABILITY = YES_AGGRESSIVE;
				CLANG_WARN_UNREACHABLE_CODE = YES;
				CLANG_WARN__DUPLICATE_METHOD_MATCH = YES;
				COPY_PHASE_STRIP = NO;
				DEBUG_INFORMATION_FORMAT = "dwarf-with-dsym";
				DEVELOPMENT_TEAM = 5AM38HDB97;
				ENABLE_NS_ASSERTIONS = NO;
				ENABLE_STRICT_OBJC_MSGSEND = YES;
				ENABLE_USER_SCRIPT_SANDBOXING = YES;
				GCC_C_LANGUAGE_STANDARD = gnu17;
				GCC_NO_COMMON_BLOCKS = YES;
				GCC_WARN_64_TO_32_BIT_CONVERSION = YES;
				GCC_WARN_ABOUT_RETURN_TYPE = YES_ERROR;
				GCC_WARN_UNDECLARED_SELECTOR = YES;
				GCC_WARN_UNINITIALIZED_AUTOS = YES_AGGRESSIVE;
				GCC_WARN_UNUSED_FUNCTION = YES;
				GCC_WARN_UNUSED_VARIABLE = YES;
				IPHONEOS_DEPLOYMENT_TARGET = 26.0;
				LOCALIZATION_PREFERS_STRING_CATALOGS = YES;
				MTL_ENABLE_DEBUG_INFO = NO;
				MTL_FAST_MATH = YES;
				SDKROOT = iphoneos;
				SWIFT_COMPILATION_MODE = wholemodule;
				VALIDATE_PRODUCT = YES;
			};
			name = Release;
		};
		0590EC9B2E8A9B520043A76A /* Debug */ = {
			isa = XCBuildConfiguration;
			buildSettings = {
				ASSETCATALOG_COMPILER_APPICON_NAME = AppIcon;
				ASSETCATALOG_COMPILER_GLOBAL_ACCENT_COLOR_NAME = AccentColor;
				CODE_SIGN_ENTITLEMENTS = LottoResultsDemoApp/LottoResultsDemoApp.entitlements;
				CODE_SIGN_STYLE = Automatic;
				CURRENT_PROJECT_VERSION = 1;
				DEVELOPMENT_TEAM = 5AM38HDB97;
				ENABLE_PREVIEWS = YES;
				GENERATE_INFOPLIST_FILE = YES;
				INFOPLIST_KEY_UIApplicationSceneManifest_Generation = YES;
				INFOPLIST_KEY_UIApplicationSupportsIndirectInputEvents = YES;
				INFOPLIST_KEY_UILaunchScreen_Generation = YES;
				INFOPLIST_KEY_UISupportedInterfaceOrientations_iPad = "UIInterfaceOrientationPortrait UIInterfaceOrientationPortraitUpsideDown UIInterfaceOrientationLandscapeLeft UIInterfaceOrientationLandscapeRight";
				INFOPLIST_KEY_UISupportedInterfaceOrientations_iPhone = "UIInterfaceOrientationPortrait UIInterfaceOrientationLandscapeLeft UIInterfaceOrientationLandscapeRight";
				LD_RUNPATH_SEARCH_PATHS = (
					"$(inherited)",
					"@executable_path/Frameworks",
				);
				MARKETING_VERSION = 1.0;
				PRODUCT_BUNDLE_IDENTIFIER = com.vijayesha.LottoResultsDemoApp;
				PRODUCT_NAME = "$(TARGET_NAME)";
				STRING_CATALOG_GENERATE_SYMBOLS = YES;
				SWIFT_APPROACHABLE_CONCURRENCY = YES;
				SWIFT_DEFAULT_ACTOR_ISOLATION = MainActor;
				SWIFT_EMIT_LOC_STRINGS = YES;
				SWIFT_UPCOMING_FEATURE_MEMBER_IMPORT_VISIBILITY = YES;
				SWIFT_VERSION = 5.0;
				TARGETED_DEVICE_FAMILY = "1,2";
			};
			name = Debug;
		};
		0590EC9C2E8A9B520043A76A /* Release */ = {
			isa = XCBuildConfiguration;
			buildSettings = {
				ASSETCATALOG_COMPILER_APPICON_NAME = AppIcon;
				ASSETCATALOG_COMPILER_GLOBAL_ACCENT_COLOR_NAME = AccentColor;
				CODE_SIGN_ENTITLEMENTS = LottoResultsDemoApp/LottoResultsDemoApp.entitlements;
				CODE_SIGN_STYLE = Automatic;
				CURRENT_PROJECT_VERSION = 1;
				DEVELOPMENT_TEAM = 5AM38HDB97;
				ENABLE_PREVIEWS = YES;
				GENERATE_INFOPLIST_FILE = YES;
				INFOPLIST_KEY_UIApplicationSceneManifest_Generation = YES;
				INFOPLIST_KEY_UIApplicationSupportsIndirectInputEvents = YES;
				INFOPLIST_KEY_UILaunchScreen_Generation = YES;
				INFOPLIST_KEY_UISupportedInterfaceOrientations_iPad = "UIInterfaceOrientationPortrait UIInterfaceOrientationPortraitUpsideDown UIInterfaceOrientationLandscapeLeft UIInterfaceOrientationLandscapeRight";
				INFOPLIST_KEY_UISupportedInterfaceOrientations_iPhone = "UIInterfaceOrientationPortrait UIInterfaceOrientationLandscapeLeft UIInterfaceOrientationLandscapeRight";
				LD_RUNPATH_SEARCH_PATHS = (
					"$(inherited)",
					"@executable_path/Frameworks",
				);
				MARKETING_VERSION = 1.0;
				PRODUCT_BUNDLE_IDENTIFIER = com.vijayesha.LottoResultsDemoApp;
				PRODUCT_NAME = "$(TARGET_NAME)";
				STRING_CATALOG_GENERATE_SYMBOLS = YES;
				SWIFT_APPROACHABLE_CONCURRENCY = YES;
				SWIFT_DEFAULT_ACTOR_ISOLATION = MainActor;
				SWIFT_EMIT_LOC_STRINGS = YES;
				SWIFT_UPCOMING_FEATURE_MEMBER_IMPORT_VISIBILITY = YES;
				SWIFT_VERSION = 5.0;
				TARGETED_DEVICE_FAMILY = "1,2";
			};
			name = Release;
		};
		0590EC9E2E8A9B520043A76A /* Debug */ = {
			isa = XCBuildConfiguration;
			buildSettings = {
				BUNDLE_LOADER = "$(TEST_HOST)";
				CODE_SIGN_STYLE = Automatic;
				CURRENT_PROJECT_VERSION = 1;
				DEVELOPMENT_TEAM = 5AM38HDB97;
				GENERATE_INFOPLIST_FILE = YES;
				IPHONEOS_DEPLOYMENT_TARGET = 26.0;
				MARKETING_VERSION = 1.0;
				PRODUCT_BUNDLE_IDENTIFIER = com.vijayesha.LottoResultsDemoAppTests;
				PRODUCT_NAME = "$(TARGET_NAME)";
				STRING_CATALOG_GENERATE_SYMBOLS = NO;
				SWIFT_APPROACHABLE_CONCURRENCY = YES;
				SWIFT_EMIT_LOC_STRINGS = NO;
				SWIFT_UPCOMING_FEATURE_MEMBER_IMPORT_VISIBILITY = YES;
				SWIFT_VERSION = 5.0;
				TARGETED_DEVICE_FAMILY = "1,2";
				TEST_HOST = "$(BUILT_PRODUCTS_DIR)/LottoResultsDemoApp.app/$(BUNDLE_EXECUTABLE_FOLDER_PATH)/LottoResultsDemoApp";
			};
			name = Debug;
		};
		0590EC9F2E8A9B520043A76A /* Release */ = {
			isa = XCBuildConfiguration;
			buildSettings = {
				BUNDLE_LOADER = "$(TEST_HOST)";
				CODE_SIGN_STYLE = Automatic;
				CURRENT_PROJECT_VERSION = 1;
				DEVELOPMENT_TEAM = 5AM38HDB97;
				GENERATE_INFOPLIST_FILE = YES;
				IPHONEOS_DEPLOYMENT_TARGET = 26.0;
				MARKETING_VERSION = 1.0;
				PRODUCT_BUNDLE_IDENTIFIER = com.vijayesha.LottoResultsDemoAppTests;
				PRODUCT_NAME = "$(TARGET_NAME)";
				STRING_CATALOG_GENERATE_SYMBOLS = NO;
				SWIFT_APPROACHABLE_CONCURRENCY = YES;
				SWIFT_EMIT_LOC_STRINGS = NO;
				SWIFT_UPCOMING_FEATURE_MEMBER_IMPORT_VISIBILITY = YES;
				SWIFT_VERSION = 5.0;
				TARGETED_DEVICE_FAMILY = "1,2";
				TEST_HOST = "$(BUILT_PRODUCTS_DIR)/LottoResultsDemoApp.app/$(BUNDLE_EXECUTABLE_FOLDER_PATH)/LottoResultsDemoApp";
			};
			name = Release;
		};
		0590ECA12E8A9B520043A76A /* Debug */ = {
			isa = XCBuildConfiguration;
			buildSettings = {
				CODE_SIGN_STYLE = Automatic;
				CURRENT_PROJECT_VERSION = 1;
				DEVELOPMENT_TEAM = 5AM38HDB97;
				GENERATE_INFOPLIST_FILE = YES;
				MARKETING_VERSION = 1.0;
				PRODUCT_BUNDLE_IDENTIFIER = com.vijayesha.LottoResultsDemoAppUITests;
				PRODUCT_NAME = "$(TARGET_NAME)";
				STRING_CATALOG_GENERATE_SYMBOLS = NO;
				SWIFT_APPROACHABLE_CONCURRENCY = YES;
				SWIFT_EMIT_LOC_STRINGS = NO;
				SWIFT_UPCOMING_FEATURE_MEMBER_IMPORT_VISIBILITY = YES;
				SWIFT_VERSION = 5.0;
				TARGETED_DEVICE_FAMILY = "1,2";
				TEST_TARGET_NAME = LottoResultsDemoApp;
			};
			name = Debug;
		};
		0590ECA22E8A9B520043A76A /* Release */ = {
			isa = XCBuildConfiguration;
			buildSettings = {
				CODE_SIGN_STYLE = Automatic;
				CURRENT_PROJECT_VERSION = 1;
				DEVELOPMENT_TEAM = 5AM38HDB97;
				GENERATE_INFOPLIST_FILE = YES;
				MARKETING_VERSION = 1.0;
				PRODUCT_BUNDLE_IDENTIFIER = com.vijayesha.LottoResultsDemoAppUITests;
				PRODUCT_NAME = "$(TARGET_NAME)";
				STRING_CATALOG_GENERATE_SYMBOLS = NO;
				SWIFT_APPROACHABLE_CONCURRENCY = YES;
				SWIFT_EMIT_LOC_STRINGS = NO;
				SWIFT_UPCOMING_FEATURE_MEMBER_IMPORT_VISIBILITY = YES;
				SWIFT_VERSION = 5.0;
				TARGETED_DEVICE_FAMILY = "1,2";
				TEST_TARGET_NAME = LottoResultsDemoApp;
			};
			name = Release;
		};
/* End XCBuildConfiguration section */

/* Begin XCConfigurationList section */
		0568AC762E8CC86900548D9F /* Build configuration list for PBXNativeTarget "LottoResultsWidgetExtension" */ = {
			isa = XCConfigurationList;
			buildConfigurations = (
				0568AC772E8CC86900548D9F /* Debug */,
				0568AC782E8CC86900548D9F /* Release */,
			);
			defaultConfigurationIsVisible = 0;
			defaultConfigurationName = Release;
		};
		0590EC722E8A9B500043A76A /* Build configuration list for PBXProject "LottoResultsDemoApp" */ = {
			isa = XCConfigurationList;
			buildConfigurations = (
				0590EC982E8A9B520043A76A /* Debug */,
				0590EC992E8A9B520043A76A /* Release */,
			);
			defaultConfigurationIsVisible = 0;
			defaultConfigurationName = Release;
		};
		0590EC9A2E8A9B520043A76A /* Build configuration list for PBXNativeTarget "LottoResultsDemoApp" */ = {
			isa = XCConfigurationList;
			buildConfigurations = (
				0590EC9B2E8A9B520043A76A /* Debug */,
				0590EC9C2E8A9B520043A76A /* Release */,
			);
			defaultConfigurationIsVisible = 0;
			defaultConfigurationName = Release;
		};
		0590EC9D2E8A9B520043A76A /* Build configuration list for PBXNativeTarget "LottoResultsDemoAppTests" */ = {
			isa = XCConfigurationList;
			buildConfigurations = (
				0590EC9E2E8A9B520043A76A /* Debug */,
				0590EC9F2E8A9B520043A76A /* Release */,
			);
			defaultConfigurationIsVisible = 0;
			defaultConfigurationName = Release;
		};
		0590ECA02E8A9B520043A76A /* Build configuration list for PBXNativeTarget "LottoResultsDemoAppUITests" */ = {
			isa = XCConfigurationList;
			buildConfigurations = (
				0590ECA12E8A9B520043A76A /* Debug */,
				0590ECA22E8A9B520043A76A /* Release */,
			);
			defaultConfigurationIsVisible = 0;
			defaultConfigurationName = Release;
		};
/* End XCConfigurationList section */
	};
	rootObject = 0590EC6F2E8A9B500043A76A /* Project object */;
}
